
Microsoft Visual Studio Solution File, Format Version 12.00
# Visual Studio Version 16
VisualStudioVersion = 16.0.30413.136
MinimumVisualStudioVersion = 10.0.40219.1
Project("{9A19103F-16F7-4668-BE54-9A1E7A4F7556}") = "TwoFer", "TwoFer.csproj", "{540D34BF-4EB4-4BEC-883D-4B4D0D92CEAD}"
EndProject
Global
	GlobalSection(SolutionConfigurationPlatforms) = preSolution
		Debug|Any CPU = Debug|Any CPU
		Release|Any CPU = Release|Any CPU
	EndGlobalSection
	GlobalSection(ProjectConfigurationPlatforms) = postSolution
		{540D34BF-4EB4-4BEC-883D-4B4D0D92CEAD}.Debug|Any CPU.ActiveCfg = Debug|Any CPU
		{540D34BF-4EB4-4BEC-883D-4B4D0D92CEAD}.Debug|Any CPU.Build.0 = Debug|Any CPU
		{540D34BF-4EB4-4BEC-883D-4B4D0D92CEAD}.Release|Any CPU.ActiveCfg = Release|Any CPU
		{540D34BF-4EB4-4BEC-883D-4B4D0D92CEAD}.Release|Any CPU.Build.0 = Release|Any CPU
	EndGlobalSection
	GlobalSection(SolutionProperties) = preSolution
		HideSolutionNode = FALSE
	EndGlobalSection
	GlobalSection(ExtensibilityGlobals) = postSolution
		SolutionGuid = {309A481C-5572-47FD-9374-795D44061D97}
	EndGlobalSection
EndGlobal
