
Microsoft Visual Studio Solution File, Format Version 12.00
# Visual Studio Version 16
VisualStudioVersion = 16.0.30413.136
MinimumVisualStudioVersion = 10.0.40219.1
Project("{9A19103F-16F7-4668-BE54-9A1E7A4F7556}") = "HelloWorld", "HelloWorld.csproj", "{5B2401D8-6621-4FC0-BB2F-6AB6BEF48098}"
EndProject
Global
	GlobalSection(SolutionConfigurationPlatforms) = preSolution
		Debug|Any CPU = Debug|Any CPU
		Release|Any CPU = Release|Any CPU
	EndGlobalSection
	GlobalSection(ProjectConfigurationPlatforms) = postSolution
		{5B2401D8-6621-4FC0-BB2F-6AB6BEF48098}.Debug|Any CPU.ActiveCfg = Debug|Any CPU
		{5B2401D8-6621-4FC0-BB2F-6AB6BEF48098}.Debug|Any CPU.Build.0 = Debug|Any CPU
		{5B2401D8-6621-4FC0-BB2F-6AB6BEF48098}.Release|Any CPU.ActiveCfg = Release|Any CPU
		{5B2401D8-6621-4FC0-BB2F-6AB6BEF48098}.Release|Any CPU.Build.0 = Release|Any CPU
	EndGlobalSection
	GlobalSection(SolutionProperties) = preSolution
		HideSolutionNode = FALSE
	EndGlobalSection
	GlobalSection(ExtensibilityGlobals) = postSolution
		SolutionGuid = {4BC69B92-6B28-4888-933C-15D07624E062}
	EndGlobalSection
EndGlobal
